
Microsoft Visual Studio Solution File, Format Version 12.00
# Visual Studio Version 17
VisualStudioVersion = 17.14.36310.24 d17.14
MinimumVisualStudioVersion = 10.0.40219.1
Project("{FAE04EC0-301F-11D3-BF4B-00C04F79EFBC}") = "CapaPresentacion", "CapaPresentacion\CapaPresentacion.csproj", "{7B44A424-DB58-418B-9DA9-377CC71E643E}"
EndProject
Project("{FAE04EC0-301F-11D3-BF4B-00C04F79EFBC}") = "CapaEntidad", "CapaEntidad\CapaEntidad.csproj", "{07A99CDE-9179-4909-ABDF-CA61C813BBA4}"
EndProject
Project("{FAE04EC0-301F-11D3-BF4B-00C04F79EFBC}") = "CapaNegocio", "CapaNegocio\CapaNegocio.csproj", "{062EB616-5D97-453F-85E4-0BF02E2645F1}"
EndProject
Project("{FAE04EC0-301F-11D3-BF4B-00C04F79EFBC}") = "CapaDatos", "CapaDatos\CapaDatos.csproj", "{2591A8C4-9115-4F99-87D4-9E7CCBFC3327}"
EndProject
Global
	GlobalSection(SolutionConfigurationPlatforms) = preSolution
		Debug|Any CPU = Debug|Any CPU
		Release|Any CPU = Release|Any CPU
	EndGlobalSection
	GlobalSection(ProjectConfigurationPlatforms) = postSolution
		{7B44A424-DB58-418B-9DA9-377CC71E643E}.Debug|Any CPU.ActiveCfg = Debug|Any CPU
		{7B44A424-DB58-418B-9DA9-377CC71E643E}.Debug|Any CPU.Build.0 = Debug|Any CPU
		{7B44A424-DB58-418B-9DA9-377CC71E643E}.Release|Any CPU.ActiveCfg = Release|Any CPU
		{7B44A424-DB58-418B-9DA9-377CC71E643E}.Release|Any CPU.Build.0 = Release|Any CPU
		{07A99CDE-9179-4909-ABDF-CA61C813BBA4}.Debug|Any CPU.ActiveCfg = Debug|Any CPU
		{07A99CDE-9179-4909-ABDF-CA61C813BBA4}.Debug|Any CPU.Build.0 = Debug|Any CPU
		{07A99CDE-9179-4909-ABDF-CA61C813BBA4}.Release|Any CPU.ActiveCfg = Release|Any CPU
		{07A99CDE-9179-4909-ABDF-CA61C813BBA4}.Release|Any CPU.Build.0 = Release|Any CPU
		{062EB616-5D97-453F-85E4-0BF02E2645F1}.Debug|Any CPU.ActiveCfg = Debug|Any CPU
		{062EB616-5D97-453F-85E4-0BF02E2645F1}.Debug|Any CPU.Build.0 = Debug|Any CPU
		{062EB616-5D97-453F-85E4-0BF02E2645F1}.Release|Any CPU.ActiveCfg = Release|Any CPU
		{062EB616-5D97-453F-85E4-0BF02E2645F1}.Release|Any CPU.Build.0 = Release|Any CPU
		{2591A8C4-9115-4F99-87D4-9E7CCBFC3327}.Debug|Any CPU.ActiveCfg = Debug|Any CPU
		{2591A8C4-9115-4F99-87D4-9E7CCBFC3327}.Debug|Any CPU.Build.0 = Debug|Any CPU
		{2591A8C4-9115-4F99-87D4-9E7CCBFC3327}.Release|Any CPU.ActiveCfg = Release|Any CPU
		{2591A8C4-9115-4F99-87D4-9E7CCBFC3327}.Release|Any CPU.Build.0 = Release|Any CPU
	EndGlobalSection
	GlobalSection(SolutionProperties) = preSolution
		HideSolutionNode = FALSE
	EndGlobalSection
	GlobalSection(ExtensibilityGlobals) = postSolution
		SolutionGuid = {96D25D73-EBC7-48C0-9036-E7BFC0BBE6A2}
	EndGlobalSection
EndGlobal
